
Microsoft Visual Studio Solution File, Format Version 12.00
# Visual Studio Version 17
VisualStudioVersion = 17.9.34728.123
MinimumVisualStudioVersion = 10.0.40219.1
Project("{2150E333-8FDC-42A3-9474-1A3956D46DE8}") = "Solution items", "Solution items", "{E2CA4F66-5C4E-4CD2-B515-40DB9A0A1E62}"
	ProjectSection(SolutionItems) = preProject
		src\docker-compose.override.yml = src\docker-compose.override.yml
		src\docker-compose.yml = src\docker-compose.yml
		global.json = global.json
		README.md = README.md
	EndProjectSection
EndProject
Project("{2150E333-8FDC-42A3-9474-1A3956D46DE8}") = "src", "src", "{5ACCF68E-800C-4593-A109-E1E093643FD5}"
EndProject
Project("{2150E333-8FDC-42A3-9474-1A3956D46DE8}") = "ApiGateways", "ApiGateways", "{4D58E203-D78E-4F94-BB68-4119D0904321}"
EndProject
Project("{2150E333-8FDC-42A3-9474-1A3956D46DE8}") = "BuildingBlocks", "BuildingBlocks", "{39BAFEC6-3FC4-4C73-8180-825775BDC7DC}"
EndProject
Project("{2150E333-8FDC-42A3-9474-1A3956D46DE8}") = "Services", "Services", "{F659CCB2-ADDD-41D3-98F7-B934104A6648}"
EndProject
Project("{2150E333-8FDC-42A3-9474-1A3956D46DE8}") = "WebApps", "WebApps", "{71DE859D-8EB6-4366-A4A5-419D55D285A7}"
	ProjectSection(SolutionItems) = preProject
		src\Services\Ordering\Ordering.Infastructure\ConfigureServices.cs = src\Services\Ordering\Ordering.Infastructure\ConfigureServices.cs
	EndProjectSection
EndProject
Project("{9A19103F-16F7-4668-BE54-9A1E7A4F7556}") = "Common.Loggin", "src\BuildingBlocks\Common.Loggin\Common.Loggin.csproj", "{35F4E0A7-DF3D-4489-BFF0-571A8BBCC79C}"
EndProject
Project("{9A19103F-16F7-4668-BE54-9A1E7A4F7556}") = "EventBus.Messages", "src\BuildingBlocks\EventBus.Messages\EventBus.Messages.csproj", "{B4B69690-656D-4DDE-A182-227CA517937E}"
EndProject
Project("{9A19103F-16F7-4668-BE54-9A1E7A4F7556}") = "WebHealthStatus", "src\WebApps\WebHealthStatus\WebHealthStatus.csproj", "{BBE848C2-3F61-4473-BAEC-2364D90FEEC3}"
EndProject
Project("{9A19103F-16F7-4668-BE54-9A1E7A4F7556}") = "Basket.API", "src\Services\Basket\Basket.API\Basket.API.csproj", "{4AEAEC42-E695-461E-9CFA-AA067934BEF0}"
EndProject
Project("{9A19103F-16F7-4668-BE54-9A1E7A4F7556}") = "Inventory.Product.API", "src\Services\Inventory\Inventory.Product.API\Inventory.Product.API.csproj", "{08E640D8-5B50-45E5-849A-BF6A9A6A8837}"
EndProject
Project("{9A19103F-16F7-4668-BE54-9A1E7A4F7556}") = "Product.API", "src\Services\Product\Product.API\Product.API.csproj", "{9BBF89B7-8CC7-464E-8A9F-9892ED34CD61}"
EndProject
Project("{9A19103F-16F7-4668-BE54-9A1E7A4F7556}") = "Hangfire.API", "src\Services\SheduledJob\Hangfire.API\Hangfire.API.csproj", "{7940412B-DE33-41F1-B151-827E1C574AE2}"
EndProject
Project("{9A19103F-16F7-4668-BE54-9A1E7A4F7556}") = "Contracts", "src\BuildingBlocks\Contracts\Contracts.csproj", "{A724ABF8-0826-4F89-BE1E-ED9E55B8E33A}"
EndProject
Project("{9A19103F-16F7-4668-BE54-9A1E7A4F7556}") = "Infrastructure", "src\BuildingBlocks\Infrastructure\Infrastructure.csproj", "{0DBC72C9-1B0F-43AB-9747-7EC6B032EB82}"
EndProject
Project("{9A19103F-16F7-4668-BE54-9A1E7A4F7556}") = "Shared", "src\BuildingBlocks\Shared\Shared.csproj", "{3B47A7D5-B742-481A-B143-795528495529}"
EndProject
Project("{9A19103F-16F7-4668-BE54-9A1E7A4F7556}") = "OcelotApiGw", "src\ApiGateways\OcelotApiGw\OcelotApiGw.csproj", "{5DE1255A-2891-4DB7-BC8A-8A48C47F3F3B}"
EndProject
Project("{9A19103F-16F7-4668-BE54-9A1E7A4F7556}") = "Customer.API", "src\Services\Customer\Customer.API\Customer.API.csproj", "{AADFAB2C-32B9-4FC3-A6E7-9B4B47501439}"
EndProject
Project("{2150E333-8FDC-42A3-9474-1A3956D46DE8}") = "Ordering", "Ordering", "{C40CBA02-8A13-49B9-A191-4350BBC1D2F2}"
EndProject
Project("{9A19103F-16F7-4668-BE54-9A1E7A4F7556}") = "Ordering.API", "src\Services\Ordering\Ordering.API\Ordering.API.csproj", "{04649531-F264-4866-8B83-A01CB5A75B14}"
EndProject
Project("{9A19103F-16F7-4668-BE54-9A1E7A4F7556}") = "Ordering.Application", "src\Services\Ordering\Ordering.Application\Ordering.Application.csproj", "{0583687F-17E0-4AA7-9ED3-D41B290161F5}"
EndProject
Project("{9A19103F-16F7-4668-BE54-9A1E7A4F7556}") = "Ordering.Domain", "src\Services\Ordering\Ordering.Domain\Ordering.Domain.csproj", "{CBB1D30C-3E06-4E11-846D-3339DD2BFAAF}"
EndProject
Project("{9A19103F-16F7-4668-BE54-9A1E7A4F7556}") = "Ordering.Infastructure", "src\Services\Ordering\Ordering.Infastructure\Ordering.Infastructure.csproj", "{3F9B0AB1-80D6-410C-BC53-E6F5DB56BC2D}"
EndProject
Project("{9A19103F-16F7-4668-BE54-9A1E7A4F7556}") = "Ordering.Subcriber", "src\Services\Ordering\Ordering.Subcriber\Ordering.Subcriber.csproj", "{671E587A-0C14-428F-AF86-32BCB162A658}"
EndProject
Project("{9A19103F-16F7-4668-BE54-9A1E7A4F7556}") = "AuthenServices", "AuthenServices\AuthenServices.csproj", "{BA4170F0-8076-4B29-AC4C-1F0143AB00E8}"
EndProject
Global
	GlobalSection(SolutionConfigurationPlatforms) = preSolution
		Debug|Any CPU = Debug|Any CPU
		Release|Any CPU = Release|Any CPU
	EndGlobalSection
	GlobalSection(ProjectConfigurationPlatforms) = postSolution
		{35F4E0A7-DF3D-4489-BFF0-571A8BBCC79C}.Debug|Any CPU.ActiveCfg = Debug|Any CPU
		{35F4E0A7-DF3D-4489-BFF0-571A8BBCC79C}.Debug|Any CPU.Build.0 = Debug|Any CPU
		{35F4E0A7-DF3D-4489-BFF0-571A8BBCC79C}.Release|Any CPU.ActiveCfg = Release|Any CPU
		{35F4E0A7-DF3D-4489-BFF0-571A8BBCC79C}.Release|Any CPU.Build.0 = Release|Any CPU
		{B4B69690-656D-4DDE-A182-227CA517937E}.Debug|Any CPU.ActiveCfg = Debug|Any CPU
		{B4B69690-656D-4DDE-A182-227CA517937E}.Debug|Any CPU.Build.0 = Debug|Any CPU
		{B4B69690-656D-4DDE-A182-227CA517937E}.Release|Any CPU.ActiveCfg = Release|Any CPU
		{B4B69690-656D-4DDE-A182-227CA517937E}.Release|Any CPU.Build.0 = Release|Any CPU
		{BBE848C2-3F61-4473-BAEC-2364D90FEEC3}.Debug|Any CPU.ActiveCfg = Debug|Any CPU
		{BBE848C2-3F61-4473-BAEC-2364D90FEEC3}.Debug|Any CPU.Build.0 = Debug|Any CPU
		{BBE848C2-3F61-4473-BAEC-2364D90FEEC3}.Release|Any CPU.ActiveCfg = Release|Any CPU
		{BBE848C2-3F61-4473-BAEC-2364D90FEEC3}.Release|Any CPU.Build.0 = Release|Any CPU
		{4AEAEC42-E695-461E-9CFA-AA067934BEF0}.Debug|Any CPU.ActiveCfg = Debug|Any CPU
		{4AEAEC42-E695-461E-9CFA-AA067934BEF0}.Debug|Any CPU.Build.0 = Debug|Any CPU
		{4AEAEC42-E695-461E-9CFA-AA067934BEF0}.Release|Any CPU.ActiveCfg = Release|Any CPU
		{4AEAEC42-E695-461E-9CFA-AA067934BEF0}.Release|Any CPU.Build.0 = Release|Any CPU
		{08E640D8-5B50-45E5-849A-BF6A9A6A8837}.Debug|Any CPU.ActiveCfg = Debug|Any CPU
		{08E640D8-5B50-45E5-849A-BF6A9A6A8837}.Debug|Any CPU.Build.0 = Debug|Any CPU
		{08E640D8-5B50-45E5-849A-BF6A9A6A8837}.Release|Any CPU.ActiveCfg = Release|Any CPU
		{08E640D8-5B50-45E5-849A-BF6A9A6A8837}.Release|Any CPU.Build.0 = Release|Any CPU
		{9BBF89B7-8CC7-464E-8A9F-9892ED34CD61}.Debug|Any CPU.ActiveCfg = Debug|Any CPU
		{9BBF89B7-8CC7-464E-8A9F-9892ED34CD61}.Debug|Any CPU.Build.0 = Debug|Any CPU
		{9BBF89B7-8CC7-464E-8A9F-9892ED34CD61}.Release|Any CPU.ActiveCfg = Release|Any CPU
		{9BBF89B7-8CC7-464E-8A9F-9892ED34CD61}.Release|Any CPU.Build.0 = Release|Any CPU
		{7940412B-DE33-41F1-B151-827E1C574AE2}.Debug|Any CPU.ActiveCfg = Debug|Any CPU
		{7940412B-DE33-41F1-B151-827E1C574AE2}.Debug|Any CPU.Build.0 = Debug|Any CPU
		{7940412B-DE33-41F1-B151-827E1C574AE2}.Release|Any CPU.ActiveCfg = Release|Any CPU
		{7940412B-DE33-41F1-B151-827E1C574AE2}.Release|Any CPU.Build.0 = Release|Any CPU
		{A724ABF8-0826-4F89-BE1E-ED9E55B8E33A}.Debug|Any CPU.ActiveCfg = Debug|Any CPU
		{A724ABF8-0826-4F89-BE1E-ED9E55B8E33A}.Debug|Any CPU.Build.0 = Debug|Any CPU
		{A724ABF8-0826-4F89-BE1E-ED9E55B8E33A}.Release|Any CPU.ActiveCfg = Release|Any CPU
		{A724ABF8-0826-4F89-BE1E-ED9E55B8E33A}.Release|Any CPU.Build.0 = Release|Any CPU
		{0DBC72C9-1B0F-43AB-9747-7EC6B032EB82}.Debug|Any CPU.ActiveCfg = Debug|Any CPU
		{0DBC72C9-1B0F-43AB-9747-7EC6B032EB82}.Debug|Any CPU.Build.0 = Debug|Any CPU
		{0DBC72C9-1B0F-43AB-9747-7EC6B032EB82}.Release|Any CPU.ActiveCfg = Release|Any CPU
		{0DBC72C9-1B0F-43AB-9747-7EC6B032EB82}.Release|Any CPU.Build.0 = Release|Any CPU
		{3B47A7D5-B742-481A-B143-795528495529}.Debug|Any CPU.ActiveCfg = Debug|Any CPU
		{3B47A7D5-B742-481A-B143-795528495529}.Debug|Any CPU.Build.0 = Debug|Any CPU
		{3B47A7D5-B742-481A-B143-795528495529}.Release|Any CPU.ActiveCfg = Release|Any CPU
		{3B47A7D5-B742-481A-B143-795528495529}.Release|Any CPU.Build.0 = Release|Any CPU
		{5DE1255A-2891-4DB7-BC8A-8A48C47F3F3B}.Debug|Any CPU.ActiveCfg = Debug|Any CPU
		{5DE1255A-2891-4DB7-BC8A-8A48C47F3F3B}.Debug|Any CPU.Build.0 = Debug|Any CPU
		{5DE1255A-2891-4DB7-BC8A-8A48C47F3F3B}.Release|Any CPU.ActiveCfg = Release|Any CPU
		{5DE1255A-2891-4DB7-BC8A-8A48C47F3F3B}.Release|Any CPU.Build.0 = Release|Any CPU
		{AADFAB2C-32B9-4FC3-A6E7-9B4B47501439}.Debug|Any CPU.ActiveCfg = Debug|Any CPU
		{AADFAB2C-32B9-4FC3-A6E7-9B4B47501439}.Debug|Any CPU.Build.0 = Debug|Any CPU
		{AADFAB2C-32B9-4FC3-A6E7-9B4B47501439}.Release|Any CPU.ActiveCfg = Release|Any CPU
		{AADFAB2C-32B9-4FC3-A6E7-9B4B47501439}.Release|Any CPU.Build.0 = Release|Any CPU
		{04649531-F264-4866-8B83-A01CB5A75B14}.Debug|Any CPU.ActiveCfg = Debug|Any CPU
		{04649531-F264-4866-8B83-A01CB5A75B14}.Debug|Any CPU.Build.0 = Debug|Any CPU
		{04649531-F264-4866-8B83-A01CB5A75B14}.Release|Any CPU.ActiveCfg = Release|Any CPU
		{04649531-F264-4866-8B83-A01CB5A75B14}.Release|Any CPU.Build.0 = Release|Any CPU
		{0583687F-17E0-4AA7-9ED3-D41B290161F5}.Debug|Any CPU.ActiveCfg = Debug|Any CPU
		{0583687F-17E0-4AA7-9ED3-D41B290161F5}.Debug|Any CPU.Build.0 = Debug|Any CPU
		{0583687F-17E0-4AA7-9ED3-D41B290161F5}.Release|Any CPU.ActiveCfg = Release|Any CPU
		{0583687F-17E0-4AA7-9ED3-D41B290161F5}.Release|Any CPU.Build.0 = Release|Any CPU
		{CBB1D30C-3E06-4E11-846D-3339DD2BFAAF}.Debug|Any CPU.ActiveCfg = Debug|Any CPU
		{CBB1D30C-3E06-4E11-846D-3339DD2BFAAF}.Debug|Any CPU.Build.0 = Debug|Any CPU
		{CBB1D30C-3E06-4E11-846D-3339DD2BFAAF}.Release|Any CPU.ActiveCfg = Release|Any CPU
		{CBB1D30C-3E06-4E11-846D-3339DD2BFAAF}.Release|Any CPU.Build.0 = Release|Any CPU
		{3F9B0AB1-80D6-410C-BC53-E6F5DB56BC2D}.Debug|Any CPU.ActiveCfg = Debug|Any CPU
		{3F9B0AB1-80D6-410C-BC53-E6F5DB56BC2D}.Debug|Any CPU.Build.0 = Debug|Any CPU
		{3F9B0AB1-80D6-410C-BC53-E6F5DB56BC2D}.Release|Any CPU.ActiveCfg = Release|Any CPU
		{3F9B0AB1-80D6-410C-BC53-E6F5DB56BC2D}.Release|Any CPU.Build.0 = Release|Any CPU
		{671E587A-0C14-428F-AF86-32BCB162A658}.Debug|Any CPU.ActiveCfg = Debug|Any CPU
		{671E587A-0C14-428F-AF86-32BCB162A658}.Debug|Any CPU.Build.0 = Debug|Any CPU
		{671E587A-0C14-428F-AF86-32BCB162A658}.Release|Any CPU.ActiveCfg = Release|Any CPU
		{671E587A-0C14-428F-AF86-32BCB162A658}.Release|Any CPU.Build.0 = Release|Any CPU
		{BA4170F0-8076-4B29-AC4C-1F0143AB00E8}.Debug|Any CPU.ActiveCfg = Debug|Any CPU
		{BA4170F0-8076-4B29-AC4C-1F0143AB00E8}.Debug|Any CPU.Build.0 = Debug|Any CPU
		{BA4170F0-8076-4B29-AC4C-1F0143AB00E8}.Release|Any CPU.ActiveCfg = Release|Any CPU
		{BA4170F0-8076-4B29-AC4C-1F0143AB00E8}.Release|Any CPU.Build.0 = Release|Any CPU
	EndGlobalSection
	GlobalSection(SolutionProperties) = preSolution
		HideSolutionNode = FALSE
	EndGlobalSection
	GlobalSection(NestedProjects) = preSolution
		{4D58E203-D78E-4F94-BB68-4119D0904321} = {5ACCF68E-800C-4593-A109-E1E093643FD5}
		{39BAFEC6-3FC4-4C73-8180-825775BDC7DC} = {5ACCF68E-800C-4593-A109-E1E093643FD5}
		{F659CCB2-ADDD-41D3-98F7-B934104A6648} = {5ACCF68E-800C-4593-A109-E1E093643FD5}
		{71DE859D-8EB6-4366-A4A5-419D55D285A7} = {5ACCF68E-800C-4593-A109-E1E093643FD5}
		{35F4E0A7-DF3D-4489-BFF0-571A8BBCC79C} = {39BAFEC6-3FC4-4C73-8180-825775BDC7DC}
		{B4B69690-656D-4DDE-A182-227CA517937E} = {39BAFEC6-3FC4-4C73-8180-825775BDC7DC}
		{BBE848C2-3F61-4473-BAEC-2364D90FEEC3} = {71DE859D-8EB6-4366-A4A5-419D55D285A7}
		{4AEAEC42-E695-461E-9CFA-AA067934BEF0} = {F659CCB2-ADDD-41D3-98F7-B934104A6648}
		{08E640D8-5B50-45E5-849A-BF6A9A6A8837} = {F659CCB2-ADDD-41D3-98F7-B934104A6648}
		{9BBF89B7-8CC7-464E-8A9F-9892ED34CD61} = {F659CCB2-ADDD-41D3-98F7-B934104A6648}
		{7940412B-DE33-41F1-B151-827E1C574AE2} = {F659CCB2-ADDD-41D3-98F7-B934104A6648}
		{A724ABF8-0826-4F89-BE1E-ED9E55B8E33A} = {39BAFEC6-3FC4-4C73-8180-825775BDC7DC}
		{0DBC72C9-1B0F-43AB-9747-7EC6B032EB82} = {39BAFEC6-3FC4-4C73-8180-825775BDC7DC}
		{3B47A7D5-B742-481A-B143-795528495529} = {39BAFEC6-3FC4-4C73-8180-825775BDC7DC}
		{5DE1255A-2891-4DB7-BC8A-8A48C47F3F3B} = {4D58E203-D78E-4F94-BB68-4119D0904321}
		{AADFAB2C-32B9-4FC3-A6E7-9B4B47501439} = {F659CCB2-ADDD-41D3-98F7-B934104A6648}
		{C40CBA02-8A13-49B9-A191-4350BBC1D2F2} = {F659CCB2-ADDD-41D3-98F7-B934104A6648}
		{04649531-F264-4866-8B83-A01CB5A75B14} = {C40CBA02-8A13-49B9-A191-4350BBC1D2F2}
		{0583687F-17E0-4AA7-9ED3-D41B290161F5} = {C40CBA02-8A13-49B9-A191-4350BBC1D2F2}
		{CBB1D30C-3E06-4E11-846D-3339DD2BFAAF} = {C40CBA02-8A13-49B9-A191-4350BBC1D2F2}
		{3F9B0AB1-80D6-410C-BC53-E6F5DB56BC2D} = {C40CBA02-8A13-49B9-A191-4350BBC1D2F2}
		{671E587A-0C14-428F-AF86-32BCB162A658} = {C40CBA02-8A13-49B9-A191-4350BBC1D2F2}
		{BA4170F0-8076-4B29-AC4C-1F0143AB00E8} = {F659CCB2-ADDD-41D3-98F7-B934104A6648}
	EndGlobalSection
	GlobalSection(ExtensibilityGlobals) = postSolution
		SolutionGuid = {EDEB1EF5-D6DA-4C0B-A851-87288B1574ED}
	EndGlobalSection
EndGlobal
